# This file is automatically @generated by Cargo.
# It is not intended for manual editing.
version = 3

[[package]]
name = "glam"
version = "0.24.0"
source = "registry+https://github.com/rust-lang/crates.io-index"
checksum = "ad83ab008a4fa3b31dfa713dd41b5a9bdea1e94e4cf1e2fc274ffbd49b0271d3"

[[package]]
name = "raytracing"
version = "0.1.0"
dependencies = [
 "glam",
]
